
Microsoft Visual Studio Solution File, Format Version 12.00
# Visual Studio Version 17
VisualStudioVersion = 17.4.33213.308
MinimumVisualStudioVersion = 10.0.40219.1
Project("{FAE04EC0-301F-11D3-BF4B-00C04F79EFBC}") = "WpfApp2", "WpfApp2\WpfApp2.csproj", "{C3DFD527-1B79-472E-BFFA-3948411D6976}"
EndProject
Global
	GlobalSection(SolutionConfigurationPlatforms) = preSolution
		Debug|Any CPU = Debug|Any CPU
		Release|Any CPU = Release|Any CPU
	EndGlobalSection
	GlobalSection(ProjectConfigurationPlatforms) = postSolution
		{C3DFD527-1B79-472E-BFFA-3948411D6976}.Debug|Any CPU.ActiveCfg = Debug|Any CPU
		{C3DFD527-1B79-472E-BFFA-3948411D6976}.Debug|Any CPU.Build.0 = Debug|Any CPU
		{C3DFD527-1B79-472E-BFFA-3948411D6976}.Release|Any CPU.ActiveCfg = Release|Any CPU
		{C3DFD527-1B79-472E-BFFA-3948411D6976}.Release|Any CPU.Build.0 = Release|Any CPU
	EndGlobalSection
	GlobalSection(SolutionProperties) = preSolution
		HideSolutionNode = FALSE
	EndGlobalSection
	GlobalSection(ExtensibilityGlobals) = postSolution
		SolutionGuid = {AAD0DEBD-004C-4F0C-80AC-B899C9F4DE58}
	EndGlobalSection
EndGlobal
